
Microsoft Visual Studio Solution File, Format Version 12.00
# Visual Studio Version 16
VisualStudioVersion = 16.0.29728.190
MinimumVisualStudioVersion = 10.0.40219.1
Project("{FAE04EC0-301F-11D3-BF4B-00C04F79EFBC}") = "Lottery", "Lottery\Lottery.csproj", "{04DB6281-F0B6-46C1-A563-A45BC57302E1}"
EndProject
Global
	GlobalSection(SolutionConfigurationPlatforms) = preSolution
		Debug|Any CPU = Debug|Any CPU
		Release|Any CPU = Release|Any CPU
	EndGlobalSection
	GlobalSection(ProjectConfigurationPlatforms) = postSolution
		{04DB6281-F0B6-46C1-A563-A45BC57302E1}.Debug|Any CPU.ActiveCfg = Debug|Any CPU
		{04DB6281-F0B6-46C1-A563-A45BC57302E1}.Debug|Any CPU.Build.0 = Debug|Any CPU
		{04DB6281-F0B6-46C1-A563-A45BC57302E1}.Release|Any CPU.ActiveCfg = Release|Any CPU
		{04DB6281-F0B6-46C1-A563-A45BC57302E1}.Release|Any CPU.Build.0 = Release|Any CPU
	EndGlobalSection
	GlobalSection(SolutionProperties) = preSolution
		HideSolutionNode = FALSE
	EndGlobalSection
	GlobalSection(ExtensibilityGlobals) = postSolution
		SolutionGuid = {1E5F3468-F262-4B9F-9543-AB6EC26E1DEC}
	EndGlobalSection
EndGlobal
